
Microsoft Visual Studio Solution File, Format Version 12.00
# Visual Studio Version 17
VisualStudioVersion = 17.2.32616.157
MinimumVisualStudioVersion = 10.0.40219.1
Project("{9A19103F-16F7-4668-BE54-9A1E7A4F7556}") = "webApi", "webApi\webApi.csproj", "{C633168E-4005-4959-9382-D920D5289E3A}"
EndProject
Project("{9A19103F-16F7-4668-BE54-9A1E7A4F7556}") = "Client", "Client\Client.csproj", "{AFCE0A5B-6C9A-41BF-8BB6-FD41861F487A}"
EndProject
Project("{9A19103F-16F7-4668-BE54-9A1E7A4F7556}") = "Login", "Login\Login.csproj", "{3EFF2298-EFB0-4628-BF2D-836E25441CB2}"
EndProject
Project("{9A19103F-16F7-4668-BE54-9A1E7A4F7556}") = "Sample", "Sample\Sample.csproj", "{F0C7C7DF-3BE5-4089-A97F-5443E267CCF0}"
EndProject
Project("{2150E333-8FDC-42A3-9474-1A3956D46DE8}") = "Basic", "Basic", "{6B864B8F-B295-472B-92D3-27BABF5666C1}"
EndProject
Project("{FAE04EC0-301F-11D3-BF4B-00C04F79EFBC}") = "WebApplication2", "WebApplication2\WebApplication2.csproj", "{94454ED4-90DC-4ADC-A2FA-36C95875DA99}"
EndProject
Project("{FAE04EC0-301F-11D3-BF4B-00C04F79EFBC}") = "LoginSystem", "LoginSystem\LoginSystem.csproj", "{1CAF2FEC-415F-4C8A-A932-6864B7DA4E93}"
EndProject
Project("{9A19103F-16F7-4668-BE54-9A1E7A4F7556}") = "NorthWindDatabase", "NorthWindDatabase\NorthWindDatabase.csproj", "{C488F5FB-C0F5-4AFE-8A98-8D1E1FF8F594}"
EndProject
Project("{9A19103F-16F7-4668-BE54-9A1E7A4F7556}") = "Northwind", "Northwind\Northwind.csproj", "{2E960C06-DEF3-475A-90F2-EBB934D997AB}"
EndProject
Project("{FAE04EC0-301F-11D3-BF4B-00C04F79EFBC}") = "SignUpLogin", "SignUpLogin\SignUpLogin.csproj", "{1ACEAF4B-B4FF-4665-8F27-B124D967EA4F}"
EndProject
Project("{FAE04EC0-301F-11D3-BF4B-00C04F79EFBC}") = "Project", "Project\Project.csproj", "{4E5E48ED-71BF-40E6-815C-325186D67C98}"
EndProject
Project("{2150E333-8FDC-42A3-9474-1A3956D46DE8}") = "MVC APPS", "MVC APPS", "{A61FE7A0-2A64-4486-8DAA-40F4566162DD}"
EndProject
Project("{9A19103F-16F7-4668-BE54-9A1E7A4F7556}") = "MVC_AppProject", "MVC_App\MVC_AppProject.csproj", "{8329B75D-8604-43E2-9C2F-54AF7ED9D5DC}"
EndProject
Project("{9A19103F-16F7-4668-BE54-9A1E7A4F7556}") = "Coditas.Ecomm.DataAccess", "Coditas.Ecomm.DataAccess\Coditas.Ecomm.DataAccess.csproj", "{3B0BE10E-7174-4C68-9920-6766343B8071}"
EndProject
Project("{9A19103F-16F7-4668-BE54-9A1E7A4F7556}") = "Coditas.Ecomm.Entities", "Coditas.Ecomm.Entities\Coditas.Ecomm.Entities.csproj", "{C0E4C366-14CC-4975-B5E7-57F47CE34733}"
EndProject
Project("{9A19103F-16F7-4668-BE54-9A1E7A4F7556}") = "Coditas.Ecom.Repositories", "Coditas.Ecom.Repositories\Coditas.Ecom.Repositories.csproj", "{F1AB1A1B-1050-4D00-AC5C-A466B7414B4D}"
EndProject
Project("{FAE04EC0-301F-11D3-BF4B-00C04F79EFBC}") = "Project2", "Project2\Project2.csproj", "{7E4A295C-C9BA-4ACA-95E9-576A6361F582}"
EndProject
Project("{2150E333-8FDC-42A3-9474-1A3956D46DE8}") = "NewFolder1", "NewFolder1", "{8C11684C-9F36-46E1-8BE6-051CFB095D59}"
EndProject
Project("{9A19103F-16F7-4668-BE54-9A1E7A4F7556}") = "MVC_CoreClient", "MVC_CoreClient\MVC_CoreClient.csproj", "{B0DF8EAE-F6D3-4469-BED9-6DCAE1C77E25}"
EndProject
Project("{FAE04EC0-301F-11D3-BF4B-00C04F79EFBC}") = "QuizApp", "QuizApp\QuizApp.csproj", "{E9047EFB-0405-4416-8F3E-2CFEAB9F36CC}"
EndProject
Project("{9A19103F-16F7-4668-BE54-9A1E7A4F7556}") = "NorthWindAPI", "NorthWindAPI\NorthWindAPI.csproj", "{785DF9FC-0E9A-4F1F-8D11-8D9393FC61CD}"
EndProject
Project("{2150E333-8FDC-42A3-9474-1A3956D46DE8}") = "FridayProject", "FridayProject", "{6A1E837F-5A34-4D3E-B7AD-793349638B4A}"
EndProject
Project("{9A19103F-16F7-4668-BE54-9A1E7A4F7556}") = "Search", "Search\Search.csproj", "{DFDEC5AF-F67D-4D35-967D-5696CF2BE460}"
EndProject
Project("{9A19103F-16F7-4668-BE54-9A1E7A4F7556}") = "DataAccess", "DataAccess\DataAccess.csproj", "{AEB504AA-783E-4C92-B724-71EDC2B69EC1}"
EndProject
Project("{2150E333-8FDC-42A3-9474-1A3956D46DE8}") = "RoleBasedAuthentication", "RoleBasedAuthentication", "{5AD75385-0E64-47B5-9421-666AF3CA1F8A}"
EndProject
Project("{FAE04EC0-301F-11D3-BF4B-00C04F79EFBC}") = "RoleAuthentication", "RoleAuthentication\RoleAuthentication.csproj", "{7196175B-C4E7-4503-80C3-1294D3E3E69D}"
EndProject
Project("{9A19103F-16F7-4668-BE54-9A1E7A4F7556}") = "MVC_SearchProject", "MVC_SearchProject\MVC_SearchProject.csproj", "{9CFF321C-3519-4270-A50A-874FE2367FE6}"
EndProject
Project("{9A19103F-16F7-4668-BE54-9A1E7A4F7556}") = "MVCProject", "MVCProject\MVCProject.csproj", "{DF9FA6CF-E2D6-4BC7-BDB6-6C61FA478C27}"
EndProject
Project("{2150E333-8FDC-42A3-9474-1A3956D46DE8}") = "Identity", "Identity", "{E19C2D97-8B2D-4921-B383-D9A036BCE638}"
EndProject
Project("{FAE04EC0-301F-11D3-BF4B-00C04F79EFBC}") = "IdentityMVC", "IdentityMVC\IdentityMVC.csproj", "{9070E5DC-925B-4DB3-9E5D-1D03E0ED8BC5}"
EndProject
Global
	GlobalSection(SolutionConfigurationPlatforms) = preSolution
		Debug|Any CPU = Debug|Any CPU
		Release|Any CPU = Release|Any CPU
	EndGlobalSection
	GlobalSection(ProjectConfigurationPlatforms) = postSolution
		{C633168E-4005-4959-9382-D920D5289E3A}.Debug|Any CPU.ActiveCfg = Debug|Any CPU
		{C633168E-4005-4959-9382-D920D5289E3A}.Debug|Any CPU.Build.0 = Debug|Any CPU
		{C633168E-4005-4959-9382-D920D5289E3A}.Release|Any CPU.ActiveCfg = Release|Any CPU
		{C633168E-4005-4959-9382-D920D5289E3A}.Release|Any CPU.Build.0 = Release|Any CPU
		{AFCE0A5B-6C9A-41BF-8BB6-FD41861F487A}.Debug|Any CPU.ActiveCfg = Debug|Any CPU
		{AFCE0A5B-6C9A-41BF-8BB6-FD41861F487A}.Debug|Any CPU.Build.0 = Debug|Any CPU
		{AFCE0A5B-6C9A-41BF-8BB6-FD41861F487A}.Release|Any CPU.ActiveCfg = Release|Any CPU
		{AFCE0A5B-6C9A-41BF-8BB6-FD41861F487A}.Release|Any CPU.Build.0 = Release|Any CPU
		{3EFF2298-EFB0-4628-BF2D-836E25441CB2}.Debug|Any CPU.ActiveCfg = Debug|Any CPU
		{3EFF2298-EFB0-4628-BF2D-836E25441CB2}.Debug|Any CPU.Build.0 = Debug|Any CPU
		{3EFF2298-EFB0-4628-BF2D-836E25441CB2}.Release|Any CPU.ActiveCfg = Release|Any CPU
		{3EFF2298-EFB0-4628-BF2D-836E25441CB2}.Release|Any CPU.Build.0 = Release|Any CPU
		{F0C7C7DF-3BE5-4089-A97F-5443E267CCF0}.Debug|Any CPU.ActiveCfg = Debug|Any CPU
		{F0C7C7DF-3BE5-4089-A97F-5443E267CCF0}.Debug|Any CPU.Build.0 = Debug|Any CPU
		{F0C7C7DF-3BE5-4089-A97F-5443E267CCF0}.Release|Any CPU.ActiveCfg = Release|Any CPU
		{F0C7C7DF-3BE5-4089-A97F-5443E267CCF0}.Release|Any CPU.Build.0 = Release|Any CPU
		{94454ED4-90DC-4ADC-A2FA-36C95875DA99}.Debug|Any CPU.ActiveCfg = Debug|Any CPU
		{94454ED4-90DC-4ADC-A2FA-36C95875DA99}.Debug|Any CPU.Build.0 = Debug|Any CPU
		{94454ED4-90DC-4ADC-A2FA-36C95875DA99}.Release|Any CPU.ActiveCfg = Release|Any CPU
		{94454ED4-90DC-4ADC-A2FA-36C95875DA99}.Release|Any CPU.Build.0 = Release|Any CPU
		{1CAF2FEC-415F-4C8A-A932-6864B7DA4E93}.Debug|Any CPU.ActiveCfg = Debug|Any CPU
		{1CAF2FEC-415F-4C8A-A932-6864B7DA4E93}.Debug|Any CPU.Build.0 = Debug|Any CPU
		{1CAF2FEC-415F-4C8A-A932-6864B7DA4E93}.Release|Any CPU.ActiveCfg = Release|Any CPU
		{1CAF2FEC-415F-4C8A-A932-6864B7DA4E93}.Release|Any CPU.Build.0 = Release|Any CPU
		{C488F5FB-C0F5-4AFE-8A98-8D1E1FF8F594}.Debug|Any CPU.ActiveCfg = Debug|Any CPU
		{C488F5FB-C0F5-4AFE-8A98-8D1E1FF8F594}.Debug|Any CPU.Build.0 = Debug|Any CPU
		{C488F5FB-C0F5-4AFE-8A98-8D1E1FF8F594}.Release|Any CPU.ActiveCfg = Release|Any CPU
		{C488F5FB-C0F5-4AFE-8A98-8D1E1FF8F594}.Release|Any CPU.Build.0 = Release|Any CPU
		{2E960C06-DEF3-475A-90F2-EBB934D997AB}.Debug|Any CPU.ActiveCfg = Debug|Any CPU
		{2E960C06-DEF3-475A-90F2-EBB934D997AB}.Debug|Any CPU.Build.0 = Debug|Any CPU
		{2E960C06-DEF3-475A-90F2-EBB934D997AB}.Release|Any CPU.ActiveCfg = Release|Any CPU
		{2E960C06-DEF3-475A-90F2-EBB934D997AB}.Release|Any CPU.Build.0 = Release|Any CPU
		{1ACEAF4B-B4FF-4665-8F27-B124D967EA4F}.Debug|Any CPU.ActiveCfg = Debug|Any CPU
		{1ACEAF4B-B4FF-4665-8F27-B124D967EA4F}.Debug|Any CPU.Build.0 = Debug|Any CPU
		{1ACEAF4B-B4FF-4665-8F27-B124D967EA4F}.Release|Any CPU.ActiveCfg = Release|Any CPU
		{1ACEAF4B-B4FF-4665-8F27-B124D967EA4F}.Release|Any CPU.Build.0 = Release|Any CPU
		{4E5E48ED-71BF-40E6-815C-325186D67C98}.Debug|Any CPU.ActiveCfg = Debug|Any CPU
		{4E5E48ED-71BF-40E6-815C-325186D67C98}.Debug|Any CPU.Build.0 = Debug|Any CPU
		{4E5E48ED-71BF-40E6-815C-325186D67C98}.Release|Any CPU.ActiveCfg = Release|Any CPU
		{4E5E48ED-71BF-40E6-815C-325186D67C98}.Release|Any CPU.Build.0 = Release|Any CPU
		{8329B75D-8604-43E2-9C2F-54AF7ED9D5DC}.Debug|Any CPU.ActiveCfg = Debug|Any CPU
		{8329B75D-8604-43E2-9C2F-54AF7ED9D5DC}.Debug|Any CPU.Build.0 = Debug|Any CPU
		{8329B75D-8604-43E2-9C2F-54AF7ED9D5DC}.Release|Any CPU.ActiveCfg = Release|Any CPU
		{8329B75D-8604-43E2-9C2F-54AF7ED9D5DC}.Release|Any CPU.Build.0 = Release|Any CPU
		{3B0BE10E-7174-4C68-9920-6766343B8071}.Debug|Any CPU.ActiveCfg = Debug|Any CPU
		{3B0BE10E-7174-4C68-9920-6766343B8071}.Debug|Any CPU.Build.0 = Debug|Any CPU
		{3B0BE10E-7174-4C68-9920-6766343B8071}.Release|Any CPU.ActiveCfg = Release|Any CPU
		{3B0BE10E-7174-4C68-9920-6766343B8071}.Release|Any CPU.Build.0 = Release|Any CPU
		{C0E4C366-14CC-4975-B5E7-57F47CE34733}.Debug|Any CPU.ActiveCfg = Debug|Any CPU
		{C0E4C366-14CC-4975-B5E7-57F47CE34733}.Debug|Any CPU.Build.0 = Debug|Any CPU
		{C0E4C366-14CC-4975-B5E7-57F47CE34733}.Release|Any CPU.ActiveCfg = Release|Any CPU
		{C0E4C366-14CC-4975-B5E7-57F47CE34733}.Release|Any CPU.Build.0 = Release|Any CPU
		{F1AB1A1B-1050-4D00-AC5C-A466B7414B4D}.Debug|Any CPU.ActiveCfg = Debug|Any CPU
		{F1AB1A1B-1050-4D00-AC5C-A466B7414B4D}.Debug|Any CPU.Build.0 = Debug|Any CPU
		{F1AB1A1B-1050-4D00-AC5C-A466B7414B4D}.Release|Any CPU.ActiveCfg = Release|Any CPU
		{F1AB1A1B-1050-4D00-AC5C-A466B7414B4D}.Release|Any CPU.Build.0 = Release|Any CPU
		{7E4A295C-C9BA-4ACA-95E9-576A6361F582}.Debug|Any CPU.ActiveCfg = Debug|Any CPU
		{7E4A295C-C9BA-4ACA-95E9-576A6361F582}.Debug|Any CPU.Build.0 = Debug|Any CPU
		{7E4A295C-C9BA-4ACA-95E9-576A6361F582}.Release|Any CPU.ActiveCfg = Release|Any CPU
		{7E4A295C-C9BA-4ACA-95E9-576A6361F582}.Release|Any CPU.Build.0 = Release|Any CPU
		{B0DF8EAE-F6D3-4469-BED9-6DCAE1C77E25}.Debug|Any CPU.ActiveCfg = Debug|Any CPU
		{B0DF8EAE-F6D3-4469-BED9-6DCAE1C77E25}.Debug|Any CPU.Build.0 = Debug|Any CPU
		{B0DF8EAE-F6D3-4469-BED9-6DCAE1C77E25}.Release|Any CPU.ActiveCfg = Release|Any CPU
		{B0DF8EAE-F6D3-4469-BED9-6DCAE1C77E25}.Release|Any CPU.Build.0 = Release|Any CPU
		{E9047EFB-0405-4416-8F3E-2CFEAB9F36CC}.Debug|Any CPU.ActiveCfg = Debug|Any CPU
		{E9047EFB-0405-4416-8F3E-2CFEAB9F36CC}.Debug|Any CPU.Build.0 = Debug|Any CPU
		{E9047EFB-0405-4416-8F3E-2CFEAB9F36CC}.Release|Any CPU.ActiveCfg = Release|Any CPU
		{E9047EFB-0405-4416-8F3E-2CFEAB9F36CC}.Release|Any CPU.Build.0 = Release|Any CPU
		{785DF9FC-0E9A-4F1F-8D11-8D9393FC61CD}.Debug|Any CPU.ActiveCfg = Debug|Any CPU
		{785DF9FC-0E9A-4F1F-8D11-8D9393FC61CD}.Debug|Any CPU.Build.0 = Debug|Any CPU
		{785DF9FC-0E9A-4F1F-8D11-8D9393FC61CD}.Release|Any CPU.ActiveCfg = Release|Any CPU
		{785DF9FC-0E9A-4F1F-8D11-8D9393FC61CD}.Release|Any CPU.Build.0 = Release|Any CPU
		{DFDEC5AF-F67D-4D35-967D-5696CF2BE460}.Debug|Any CPU.ActiveCfg = Debug|Any CPU
		{DFDEC5AF-F67D-4D35-967D-5696CF2BE460}.Debug|Any CPU.Build.0 = Debug|Any CPU
		{DFDEC5AF-F67D-4D35-967D-5696CF2BE460}.Release|Any CPU.ActiveCfg = Release|Any CPU
		{DFDEC5AF-F67D-4D35-967D-5696CF2BE460}.Release|Any CPU.Build.0 = Release|Any CPU
		{AEB504AA-783E-4C92-B724-71EDC2B69EC1}.Debug|Any CPU.ActiveCfg = Debug|Any CPU
		{AEB504AA-783E-4C92-B724-71EDC2B69EC1}.Debug|Any CPU.Build.0 = Debug|Any CPU
		{AEB504AA-783E-4C92-B724-71EDC2B69EC1}.Release|Any CPU.ActiveCfg = Release|Any CPU
		{AEB504AA-783E-4C92-B724-71EDC2B69EC1}.Release|Any CPU.Build.0 = Release|Any CPU
		{7196175B-C4E7-4503-80C3-1294D3E3E69D}.Debug|Any CPU.ActiveCfg = Debug|Any CPU
		{7196175B-C4E7-4503-80C3-1294D3E3E69D}.Debug|Any CPU.Build.0 = Debug|Any CPU
		{7196175B-C4E7-4503-80C3-1294D3E3E69D}.Release|Any CPU.ActiveCfg = Release|Any CPU
		{7196175B-C4E7-4503-80C3-1294D3E3E69D}.Release|Any CPU.Build.0 = Release|Any CPU
		{9CFF321C-3519-4270-A50A-874FE2367FE6}.Debug|Any CPU.ActiveCfg = Debug|Any CPU
		{9CFF321C-3519-4270-A50A-874FE2367FE6}.Debug|Any CPU.Build.0 = Debug|Any CPU
		{9CFF321C-3519-4270-A50A-874FE2367FE6}.Release|Any CPU.ActiveCfg = Release|Any CPU
		{9CFF321C-3519-4270-A50A-874FE2367FE6}.Release|Any CPU.Build.0 = Release|Any CPU
		{DF9FA6CF-E2D6-4BC7-BDB6-6C61FA478C27}.Debug|Any CPU.ActiveCfg = Debug|Any CPU
		{DF9FA6CF-E2D6-4BC7-BDB6-6C61FA478C27}.Debug|Any CPU.Build.0 = Debug|Any CPU
		{DF9FA6CF-E2D6-4BC7-BDB6-6C61FA478C27}.Release|Any CPU.ActiveCfg = Release|Any CPU
		{DF9FA6CF-E2D6-4BC7-BDB6-6C61FA478C27}.Release|Any CPU.Build.0 = Release|Any CPU
		{9070E5DC-925B-4DB3-9E5D-1D03E0ED8BC5}.Debug|Any CPU.ActiveCfg = Debug|Any CPU
		{9070E5DC-925B-4DB3-9E5D-1D03E0ED8BC5}.Debug|Any CPU.Build.0 = Debug|Any CPU
		{9070E5DC-925B-4DB3-9E5D-1D03E0ED8BC5}.Release|Any CPU.ActiveCfg = Release|Any CPU
		{9070E5DC-925B-4DB3-9E5D-1D03E0ED8BC5}.Release|Any CPU.Build.0 = Release|Any CPU
	EndGlobalSection
	GlobalSection(SolutionProperties) = preSolution
		HideSolutionNode = FALSE
	EndGlobalSection
	GlobalSection(NestedProjects) = preSolution
		{8329B75D-8604-43E2-9C2F-54AF7ED9D5DC} = {A61FE7A0-2A64-4486-8DAA-40F4566162DD}
		{3B0BE10E-7174-4C68-9920-6766343B8071} = {A61FE7A0-2A64-4486-8DAA-40F4566162DD}
		{C0E4C366-14CC-4975-B5E7-57F47CE34733} = {A61FE7A0-2A64-4486-8DAA-40F4566162DD}
		{F1AB1A1B-1050-4D00-AC5C-A466B7414B4D} = {A61FE7A0-2A64-4486-8DAA-40F4566162DD}
		{8C11684C-9F36-46E1-8BE6-051CFB095D59} = {A61FE7A0-2A64-4486-8DAA-40F4566162DD}
		{DFDEC5AF-F67D-4D35-967D-5696CF2BE460} = {6A1E837F-5A34-4D3E-B7AD-793349638B4A}
		{AEB504AA-783E-4C92-B724-71EDC2B69EC1} = {6A1E837F-5A34-4D3E-B7AD-793349638B4A}
		{7196175B-C4E7-4503-80C3-1294D3E3E69D} = {5AD75385-0E64-47B5-9421-666AF3CA1F8A}
		{9CFF321C-3519-4270-A50A-874FE2367FE6} = {6A1E837F-5A34-4D3E-B7AD-793349638B4A}
		{9070E5DC-925B-4DB3-9E5D-1D03E0ED8BC5} = {E19C2D97-8B2D-4921-B383-D9A036BCE638}
	EndGlobalSection
	GlobalSection(ExtensibilityGlobals) = postSolution
		SolutionGuid = {9C75740E-119B-4726-9A8F-E6853437FB85}
	EndGlobalSection
EndGlobal
